
Microsoft Visual Studio Solution File, Format Version 10.00
# Visual Studio 2008
Project("{8BC9CEB8-8B4A-11D0-8D11-00A0C91BC942}") = "samples", "samples.vcproj", "{C285CCC5-F2AE-4776-9F39-CF47B7D2523B}"
EndProject
Project("{2150E333-8FDC-42A3-9474-1A3956D46DE8}") = "Solution Items", "Solution Items", "{F44E990F-C72F-45A9-BF84-DE2CCF0DE9A6}"
EndProject
Global
	GlobalSection(SolutionConfigurationPlatforms) = preSolution
		Debug|Win32 = Debug|Win32
		Release|Win32 = Release|Win32
	EndGlobalSection
	GlobalSection(ProjectConfigurationPlatforms) = postSolution
		{C285CCC5-F2AE-4776-9F39-CF47B7D2523B}.Debug|Win32.ActiveCfg = Debug|Win32
		{C285CCC5-F2AE-4776-9F39-CF47B7D2523B}.Debug|Win32.Build.0 = Debug|Win32
		{C285CCC5-F2AE-4776-9F39-CF47B7D2523B}.Release|Win32.ActiveCfg = Release|Win32
		{C285CCC5-F2AE-4776-9F39-CF47B7D2523B}.Release|Win32.Build.0 = Release|Win32
	EndGlobalSection
	GlobalSection(SolutionProperties) = preSolution
		HideSolutionNode = FALSE
	EndGlobalSection
EndGlobal
